
Microsoft Visual Studio Solution File, Format Version 12.00
# Visual Studio Version 16
VisualStudioVersion = 16.0.32901.82
MinimumVisualStudioVersion = 10.0.40219.1
Project("{FAE04EC0-301F-11D3-BF4B-00C04F79EFBC}") = "TV_Favorites", "TV_Favorites\TV_Favorites.csproj", "{8AA48FA3-2726-4756-BA04-226C63E4BF28}"
EndProject
Global
	GlobalSection(SolutionConfigurationPlatforms) = preSolution
		Debug|Any CPU = Debug|Any CPU
		Release|Any CPU = Release|Any CPU
	EndGlobalSection
	GlobalSection(ProjectConfigurationPlatforms) = postSolution
		{8AA48FA3-2726-4756-BA04-226C63E4BF28}.Debug|Any CPU.ActiveCfg = Debug|Any CPU
		{8AA48FA3-2726-4756-BA04-226C63E4BF28}.Debug|Any CPU.Build.0 = Debug|Any CPU
		{8AA48FA3-2726-4756-BA04-226C63E4BF28}.Release|Any CPU.ActiveCfg = Release|Any CPU
		{8AA48FA3-2726-4756-BA04-226C63E4BF28}.Release|Any CPU.Build.0 = Release|Any CPU
	EndGlobalSection
	GlobalSection(SolutionProperties) = preSolution
		HideSolutionNode = FALSE
	EndGlobalSection
	GlobalSection(ExtensibilityGlobals) = postSolution
		SolutionGuid = {880D760B-9229-43F1-AB36-B9E9B4C508F8}
	EndGlobalSection
EndGlobal
